Microsoft Visual Studio Solution File, Format Version 12.00
# Visual Studio Version 17
VisualStudioVersion = 17.5.2.0
MinimumVisualStudioVersion = 10.0.40219.1
Project("{FAE04EC0-301F-11D3-BF4B-00C04F79EFBC}") = "VIPGoldenMelom.Bepinex", "VIPGoldenMelom.Bepinex.csproj", "{E50D4F2A-9E21-CCDB-D90D-BE391E08A90F}"
EndProject
Global
	GlobalSection(SolutionConfigurationPlatforms) = preSolution
		Debug|Any CPU = Debug|Any CPU
		Release|Any CPU = Release|Any CPU
	EndGlobalSection
	GlobalSection(ProjectConfigurationPlatforms) = postSolution
		{E50D4F2A-9E21-CCDB-D90D-BE391E08A90F}.Debug|Any CPU.ActiveCfg = Debug|Any CPU
		{E50D4F2A-9E21-CCDB-D90D-BE391E08A90F}.Debug|Any CPU.Build.0 = Debug|Any CPU
		{E50D4F2A-9E21-CCDB-D90D-BE391E08A90F}.Release|Any CPU.ActiveCfg = Release|Any CPU
		{E50D4F2A-9E21-CCDB-D90D-BE391E08A90F}.Release|Any CPU.Build.0 = Release|Any CPU
	EndGlobalSection
	GlobalSection(SolutionProperties) = preSolution
		HideSolutionNode = FALSE
	EndGlobalSection
	GlobalSection(ExtensibilityGlobals) = postSolution
		SolutionGuid = {1652F38C-4FEF-4CD0-8470-3A906A0154C9}
	EndGlobalSection
EndGlobal
