Microsoft Visual Studio Solution File, Format Version 12.00
# Visual Studio Version 17
VisualStudioVersion = 17.5.2.0
MinimumVisualStudioVersion = 10.0.40219.1
Project("{FAE04EC0-301F-11D3-BF4B-00C04F79EFBC}") = "StarUpManager", "StarUpManager.csproj", "{D2F45A0A-F284-E6C7-8758-D331658D9D50}"
EndProject
Global
	GlobalSection(SolutionConfigurationPlatforms) = preSolution
		Debug|Any CPU = Debug|Any CPU
		Release|Any CPU = Release|Any CPU
	EndGlobalSection
	GlobalSection(ProjectConfigurationPlatforms) = postSolution
		{D2F45A0A-F284-E6C7-8758-D331658D9D50}.Debug|Any CPU.ActiveCfg = Debug|Any CPU
		{D2F45A0A-F284-E6C7-8758-D331658D9D50}.Debug|Any CPU.Build.0 = Debug|Any CPU
		{D2F45A0A-F284-E6C7-8758-D331658D9D50}.Release|Any CPU.ActiveCfg = Release|Any CPU
		{D2F45A0A-F284-E6C7-8758-D331658D9D50}.Release|Any CPU.Build.0 = Release|Any CPU
	EndGlobalSection
	GlobalSection(SolutionProperties) = preSolution
		HideSolutionNode = FALSE
	EndGlobalSection
	GlobalSection(ExtensibilityGlobals) = postSolution
		SolutionGuid = {E110C81F-B9B0-4F61-8695-41F9A81B4430}
	EndGlobalSection
EndGlobal
