Microsoft Visual Studio Solution File, Format Version 12.00
# Visual Studio Version 17
VisualStudioVersion = 17.5.2.0
MinimumVisualStudioVersion = 10.0.40219.1
Project("{FAE04EC0-301F-11D3-BF4B-00C04F79EFBC}") = "MoreDoomGatling", "MoreDoomGatling.csproj", "{873A7229-5DDC-1DEA-18AD-9748E8CE879C}"
EndProject
Global
	GlobalSection(SolutionConfigurationPlatforms) = preSolution
		Debug|Any CPU = Debug|Any CPU
		Release|Any CPU = Release|Any CPU
	EndGlobalSection
	GlobalSection(ProjectConfigurationPlatforms) = postSolution
		{873A7229-5DDC-1DEA-18AD-9748E8CE879C}.Debug|Any CPU.ActiveCfg = Debug|Any CPU
		{873A7229-5DDC-1DEA-18AD-9748E8CE879C}.Debug|Any CPU.Build.0 = Debug|Any CPU
		{873A7229-5DDC-1DEA-18AD-9748E8CE879C}.Release|Any CPU.ActiveCfg = Release|Any CPU
		{873A7229-5DDC-1DEA-18AD-9748E8CE879C}.Release|Any CPU.Build.0 = Release|Any CPU
	EndGlobalSection
	GlobalSection(SolutionProperties) = preSolution
		HideSolutionNode = FALSE
	EndGlobalSection
	GlobalSection(ExtensibilityGlobals) = postSolution
		SolutionGuid = {491221B5-BC81-4BF0-928B-EAD0C7E6B395}
	EndGlobalSection
EndGlobal
