Microsoft Visual Studio Solution File, Format Version 12.00
# Visual Studio Version 17
VisualStudioVersion = 17.5.2.0
MinimumVisualStudioVersion = 10.0.40219.1
Project("{FAE04EC0-301F-11D3-BF4B-00C04F79EFBC}") = "MoreMinigun", "MoreMinigun.csproj", "{512A859F-AA58-FFDA-BAE7-358A75FD418B}"
EndProject
Global
	GlobalSection(SolutionConfigurationPlatforms) = preSolution
		Debug|Any CPU = Debug|Any CPU
		Release|Any CPU = Release|Any CPU
	EndGlobalSection
	GlobalSection(ProjectConfigurationPlatforms) = postSolution
		{512A859F-AA58-FFDA-BAE7-358A75FD418B}.Debug|Any CPU.ActiveCfg = Debug|Any CPU
		{512A859F-AA58-FFDA-BAE7-358A75FD418B}.Debug|Any CPU.Build.0 = Debug|Any CPU
		{512A859F-AA58-FFDA-BAE7-358A75FD418B}.Release|Any CPU.ActiveCfg = Release|Any CPU
		{512A859F-AA58-FFDA-BAE7-358A75FD418B}.Release|Any CPU.Build.0 = Release|Any CPU
	EndGlobalSection
	GlobalSection(SolutionProperties) = preSolution
		HideSolutionNode = FALSE
	EndGlobalSection
	GlobalSection(ExtensibilityGlobals) = postSolution
		SolutionGuid = {EC6111D7-8AFF-441D-A15E-723A9BC3AB77}
	EndGlobalSection
EndGlobal
