Microsoft Visual Studio Solution File, Format Version 12.00
# Visual Studio Version 17
VisualStudioVersion = 17.5.2.0
MinimumVisualStudioVersion = 10.0.40219.1
Project("{FAE04EC0-301F-11D3-BF4B-00C04F79EFBC}") = "UltiFireThree", "UltiFireThree.csproj", "{0A9E096B-5847-C4AA-0C03-0BEFA2EDF1BC}"
EndProject
Global
	GlobalSection(SolutionConfigurationPlatforms) = preSolution
		Debug|Any CPU = Debug|Any CPU
		Release|Any CPU = Release|Any CPU
	EndGlobalSection
	GlobalSection(ProjectConfigurationPlatforms) = postSolution
		{0A9E096B-5847-C4AA-0C03-0BEFA2EDF1BC}.Debug|Any CPU.ActiveCfg = Debug|Any CPU
		{0A9E096B-5847-C4AA-0C03-0BEFA2EDF1BC}.Debug|Any CPU.Build.0 = Debug|Any CPU
		{0A9E096B-5847-C4AA-0C03-0BEFA2EDF1BC}.Release|Any CPU.ActiveCfg = Release|Any CPU
		{0A9E096B-5847-C4AA-0C03-0BEFA2EDF1BC}.Release|Any CPU.Build.0 = Release|Any CPU
	EndGlobalSection
	GlobalSection(SolutionProperties) = preSolution
		HideSolutionNode = FALSE
	EndGlobalSection
	GlobalSection(ExtensibilityGlobals) = postSolution
		SolutionGuid = {7D00932A-A739-40B6-B698-8F16F71C95B7}
	EndGlobalSection
EndGlobal
