Microsoft Visual Studio Solution File, Format Version 12.00
# Visual Studio Version 17
VisualStudioVersion = 17.5.2.0
MinimumVisualStudioVersion = 10.0.40219.1
Project("{FAE04EC0-301F-11D3-BF4B-00C04F79EFBC}") = "UltimateCherryFireShooter.Bepinex-Deconfused", "UltimateCherryFireShooter.Bepinex-Deconfused.csproj", "{21EC48A6-4C89-19F1-8297-A8CC299D41BB}"
EndProject
Global
	GlobalSection(SolutionConfigurationPlatforms) = preSolution
		Debug|Any CPU = Debug|Any CPU
		Release|Any CPU = Release|Any CPU
	EndGlobalSection
	GlobalSection(ProjectConfigurationPlatforms) = postSolution
		{21EC48A6-4C89-19F1-8297-A8CC299D41BB}.Debug|Any CPU.ActiveCfg = Debug|Any CPU
		{21EC48A6-4C89-19F1-8297-A8CC299D41BB}.Debug|Any CPU.Build.0 = Debug|Any CPU
		{21EC48A6-4C89-19F1-8297-A8CC299D41BB}.Release|Any CPU.ActiveCfg = Release|Any CPU
		{21EC48A6-4C89-19F1-8297-A8CC299D41BB}.Release|Any CPU.Build.0 = Release|Any CPU
	EndGlobalSection
	GlobalSection(SolutionProperties) = preSolution
		HideSolutionNode = FALSE
	EndGlobalSection
	GlobalSection(ExtensibilityGlobals) = postSolution
		SolutionGuid = {F54FA051-705B-4635-A043-7DB4F397A7A1}
	EndGlobalSection
EndGlobal
