Microsoft Visual Studio Solution File, Format Version 12.00
# Visual Studio Version 17
VisualStudioVersion = 17.5.2.0
MinimumVisualStudioVersion = 10.0.40219.1
Project("{FAE04EC0-301F-11D3-BF4B-00C04F79EFBC}") = "Firework2026", "Firework2026.csproj", "{2B142811-CDD3-CDA4-CF40-05135DE7712E}"
EndProject
Global
	GlobalSection(SolutionConfigurationPlatforms) = preSolution
		Debug|Any CPU = Debug|Any CPU
		Release|Any CPU = Release|Any CPU
	EndGlobalSection
	GlobalSection(ProjectConfigurationPlatforms) = postSolution
		{2B142811-CDD3-CDA4-CF40-05135DE7712E}.Debug|Any CPU.ActiveCfg = Debug|Any CPU
		{2B142811-CDD3-CDA4-CF40-05135DE7712E}.Debug|Any CPU.Build.0 = Debug|Any CPU
		{2B142811-CDD3-CDA4-CF40-05135DE7712E}.Release|Any CPU.ActiveCfg = Release|Any CPU
		{2B142811-CDD3-CDA4-CF40-05135DE7712E}.Release|Any CPU.Build.0 = Release|Any CPU
	EndGlobalSection
	GlobalSection(SolutionProperties) = preSolution
		HideSolutionNode = FALSE
	EndGlobalSection
	GlobalSection(ExtensibilityGlobals) = postSolution
		SolutionGuid = {9BD900B1-9DDC-412D-9716-293EDD70AD6C}
	EndGlobalSection
EndGlobal
