Microsoft Visual Studio Solution File, Format Version 12.00
# Visual Studio Version 17
VisualStudioVersion = 17.5.2.0
MinimumVisualStudioVersion = 10.0.40219.1
Project("{FAE04EC0-301F-11D3-BF4B-00C04F79EFBC}") = "modified-plus-fix", "modified-plus-fix.csproj", "{BBE69FB1-4498-5DDB-F5DD-53ADC81DE4C7}"
EndProject
Global
	GlobalSection(SolutionConfigurationPlatforms) = preSolution
		Debug|Any CPU = Debug|Any CPU
		Release|Any CPU = Release|Any CPU
	EndGlobalSection
	GlobalSection(ProjectConfigurationPlatforms) = postSolution
		{BBE69FB1-4498-5DDB-F5DD-53ADC81DE4C7}.Debug|Any CPU.ActiveCfg = Debug|Any CPU
		{BBE69FB1-4498-5DDB-F5DD-53ADC81DE4C7}.Debug|Any CPU.Build.0 = Debug|Any CPU
		{BBE69FB1-4498-5DDB-F5DD-53ADC81DE4C7}.Release|Any CPU.ActiveCfg = Release|Any CPU
		{BBE69FB1-4498-5DDB-F5DD-53ADC81DE4C7}.Release|Any CPU.Build.0 = Release|Any CPU
	EndGlobalSection
	GlobalSection(SolutionProperties) = preSolution
		HideSolutionNode = FALSE
	EndGlobalSection
	GlobalSection(ExtensibilityGlobals) = postSolution
		SolutionGuid = {374AB2E7-E225-46A2-899D-65A976B6AC9B}
	EndGlobalSection
EndGlobal
