Microsoft Visual Studio Solution File, Format Version 12.00
# Visual Studio Version 17
VisualStudioVersion = 17.5.2.0
MinimumVisualStudioVersion = 10.0.40219.1
Project("{FAE04EC0-301F-11D3-BF4B-00C04F79EFBC}") = "SuperCherryThreeGatling", "SuperCherryThreeGatling.csproj", "{A37BDFF9-3962-F4A9-7341-F26BB5971975}"
EndProject
Global
	GlobalSection(SolutionConfigurationPlatforms) = preSolution
		Debug|Any CPU = Debug|Any CPU
		Release|Any CPU = Release|Any CPU
	EndGlobalSection
	GlobalSection(ProjectConfigurationPlatforms) = postSolution
		{A37BDFF9-3962-F4A9-7341-F26BB5971975}.Debug|Any CPU.ActiveCfg = Debug|Any CPU
		{A37BDFF9-3962-F4A9-7341-F26BB5971975}.Debug|Any CPU.Build.0 = Debug|Any CPU
		{A37BDFF9-3962-F4A9-7341-F26BB5971975}.Release|Any CPU.ActiveCfg = Release|Any CPU
		{A37BDFF9-3962-F4A9-7341-F26BB5971975}.Release|Any CPU.Build.0 = Release|Any CPU
	EndGlobalSection
	GlobalSection(SolutionProperties) = preSolution
		HideSolutionNode = FALSE
	EndGlobalSection
	GlobalSection(ExtensibilityGlobals) = postSolution
		SolutionGuid = {A0539378-537B-459F-BEFB-AD73F0CC3B9B}
	EndGlobalSection
EndGlobal
